<?xml version="1.0" encoding="utf-8"?>
<Project ToolsVersion="4.0" xmlns="http://schemas.microsoft.com/developer/msbuild/2003">
  <ItemGroup>
    <Filter Include="Source Files">
      <UniqueIdentifier>{4FC737F1-C7A5-4376-A066-2A32D752A2FF}</UniqueIdentifier>
      <Extensions>cpp;c;cc;cxx;def;odl;idl;hpj;bat;asm;asmx</Extensions>
    </Filter>
    <Filter Include="Header Files">
      <UniqueIdentifier>{93995380-89BD-4b04-88EB-625FBE52EBFB}</UniqueIdentifier>
      <Extensions>h;hh;hpp;hxx;hm;inl;inc;xsd</Extensions>
    </Filter>
    <Filter Include="qbrobotics">
      <UniqueIdentifier>{f411c49a-7d32-4bbc-aaf4-4aecb1be9149}</UniqueIdentifier>
    </Filter>
  </ItemGroup>
  <ItemGroup>
    <ClInclude Include="Cuff.h">
      <Filter>Header Files</Filter>
    </ClInclude>
    <ClInclude Include="HapticGuidance.h">
      <Filter>Header Files</Filter>
    </ClInclude>
    <ClInclude Include="Pendulum.h">
      <Filter>Header Files</Filter>
    </ClInclude>
    <ClInclude Include="qbmove_communications.h">
      <Filter>qbrobotics</Filter>
    </ClInclude>
    <ClInclude Include="commands.h">
      <Filter>qbrobotics</Filter>
    </ClInclude>
    <ClInclude Include="definitions.h">
      <Filter>qbrobotics</Filter>
    </ClInclude>
  </ItemGroup>
  <ItemGroup>
    <ClCompile Include="Cuff.cpp">
      <Filter>Source Files</Filter>
    </ClCompile>
    <ClCompile Include="HapticGuidance.cpp">
      <Filter>Source Files</Filter>
    </ClCompile>
    <ClCompile Include="Pendulum.cpp">
      <Filter>Source Files</Filter>
    </ClCompile>
    <ClCompile Include="main.cpp">
      <Filter>Source Files</Filter>
    </ClCompile>
    <ClCompile Include="qbmove_communications.cpp">
      <Filter>qbrobotics</Filter>
    </ClCompile>
  </ItemGroup>
</Project>